
Microsoft Visual Studio Solution File, Format Version 12.00
# Visual Studio Version 17
VisualStudioVersion = 17.7.34003.232
MinimumVisualStudioVersion = 10.0.40219.1
Project("{FAE04EC0-301F-11D3-BF4B-00C04F79EFBC}") = "ConsoleApp1", "ConsoleApp1\ConsoleApp1.csproj", "{A26C69AB-E08F-495F-A031-45290B75EF00}"
EndProject
Global
	GlobalSection(SolutionConfigurationPlatforms) = preSolution
		Debug|Any CPU = Debug|Any CPU
		Release|Any CPU = Release|Any CPU
	EndGlobalSection
	GlobalSection(ProjectConfigurationPlatforms) = postSolution
		{A26C69AB-E08F-495F-A031-45290B75EF00}.Debug|Any CPU.ActiveCfg = Debug|Any CPU
		{A26C69AB-E08F-495F-A031-45290B75EF00}.Debug|Any CPU.Build.0 = Debug|Any CPU
		{A26C69AB-E08F-495F-A031-45290B75EF00}.Release|Any CPU.ActiveCfg = Release|Any CPU
		{A26C69AB-E08F-495F-A031-45290B75EF00}.Release|Any CPU.Build.0 = Release|Any CPU
	EndGlobalSection
	GlobalSection(SolutionProperties) = preSolution
		HideSolutionNode = FALSE
	EndGlobalSection
	GlobalSection(ExtensibilityGlobals) = postSolution
		SolutionGuid = {B26BC815-9960-46F0-9ACC-509FDE8581DD}
	EndGlobalSection
EndGlobal
